
Microsoft Visual Studio Solution File, Format Version 12.00
# Visual Studio Version 17
VisualStudioVersion = 17.9.34728.123
MinimumVisualStudioVersion = 10.0.40219.1
Project("{9A19103F-16F7-4668-BE54-9A1E7A4F7556}") = "EFSRT_IV", "EFSRT_IV\EFSRT_IV.csproj", "{F7A96C2A-1872-4752-8F8C-1FA98E2F4723}"
EndProject
Project("{9A19103F-16F7-4668-BE54-9A1E7A4F7556}") = "DB", "DB\DB.csproj", "{67E5A9A7-2937-4045-829F-4D8546902145}"
EndProject
Global
	GlobalSection(SolutionConfigurationPlatforms) = preSolution
		Debug|Any CPU = Debug|Any CPU
		Release|Any CPU = Release|Any CPU
	EndGlobalSection
	GlobalSection(ProjectConfigurationPlatforms) = postSolution
		{F7A96C2A-1872-4752-8F8C-1FA98E2F4723}.Debug|Any CPU.ActiveCfg = Debug|Any CPU
		{F7A96C2A-1872-4752-8F8C-1FA98E2F4723}.Debug|Any CPU.Build.0 = Debug|Any CPU
		{F7A96C2A-1872-4752-8F8C-1FA98E2F4723}.Release|Any CPU.ActiveCfg = Release|Any CPU
		{F7A96C2A-1872-4752-8F8C-1FA98E2F4723}.Release|Any CPU.Build.0 = Release|Any CPU
		{67E5A9A7-2937-4045-829F-4D8546902145}.Debug|Any CPU.ActiveCfg = Debug|Any CPU
		{67E5A9A7-2937-4045-829F-4D8546902145}.Debug|Any CPU.Build.0 = Debug|Any CPU
		{67E5A9A7-2937-4045-829F-4D8546902145}.Release|Any CPU.ActiveCfg = Release|Any CPU
		{67E5A9A7-2937-4045-829F-4D8546902145}.Release|Any CPU.Build.0 = Release|Any CPU
	EndGlobalSection
	GlobalSection(SolutionProperties) = preSolution
		HideSolutionNode = FALSE
	EndGlobalSection
	GlobalSection(ExtensibilityGlobals) = postSolution
		SolutionGuid = {FC14BD85-7B2F-4EE8-83B1-509FE39DEA10}
	EndGlobalSection
EndGlobal
